// !$*UTF8*$!
{
	archiveVersion = 1;
	classes = {
	};
	objectVersion = 55;
	objects = {

/* Begin PBXBuildFile section */
		0EEE50AD267DC5354E307069 /* Pods_YelpyTests.framework in Frameworks */ = {isa = PBXBuildFile; fileRef = 0854ADC28F3ACF71A6EBAD3B /* Pods_YelpyTests.framework */; };
		1C00194D28E52EDC000B359E /* 119896-toaster.json in Resources */ = {isa = PBXBuildFile; fileRef = 1C00194C28E52EDC000B359E /* 119896-toaster.json */; };
		1C37CABA28D15E520002FD8C /* AppDelegate.swift in Sources */ = {isa = PBXBuildFile; fileRef = 1C37CAB928D15E520002FD8C /* AppDelegate.swift */; };
		1C37CABC28D15E520002FD8C /* SceneDelegate.swift in Sources */ = {isa = PBXBuildFile; fileRef = 1C37CABB28D15E520002FD8C /* SceneDelegate.swift */; };
		1C37CABE28D15E520002FD8C /* ViewController.swift in Sources */ = {isa = PBXBuildFile; fileRef = 1C37CABD28D15E520002FD8C /* ViewController.swift */; };
		1C37CAC328D15E520002FD8C /* Assets.xcassets in Resources */ = {isa = PBXBuildFile; fileRef = 1C37CAC228D15E520002FD8C /* Assets.xcassets */; };
		1C37CAC628D15E520002FD8C /* LaunchScreen.storyboard in Resources */ = {isa = PBXBuildFile; fileRef = 1C37CAC428D15E520002FD8C /* LaunchScreen.storyboard */; };
		1C37CAD128D15E520002FD8C /* YelpyTests.swift in Sources */ = {isa = PBXBuildFile; fileRef = 1C37CAD028D15E520002FD8C /* YelpyTests.swift */; };
		1C37CADB28D15E520002FD8C /* YelpyUITests.swift in Sources */ = {isa = PBXBuildFile; fileRef = 1C37CADA28D15E520002FD8C /* YelpyUITests.swift */; };
		1C37CADD28D15E520002FD8C /* YelpyUITestsLaunchTests.swift in Sources */ = {isa = PBXBuildFile; fileRef = 1C37CADC28D15E520002FD8C /* YelpyUITestsLaunchTests.swift */; };
		1C37CAEA28D164280002FD8C /* RestaurantTableViewCell.swift in Sources */ = {isa = PBXBuildFile; fileRef = 1C37CAE928D164270002FD8C /* RestaurantTableViewCell.swift */; };
		1C37CAEC28D173E60002FD8C /* Network.swift in Sources */ = {isa = PBXBuildFile; fileRef = 1C37CAEB28D173E60002FD8C /* Network.swift */; };
		1C9C829928D20D530073DE0B /* Businesses.swift in Sources */ = {isa = PBXBuildFile; fileRef = 1C9C829828D20D530073DE0B /* Businesses.swift */; };
		1C9C829B28D248920073DE0B /* RestaurantViewController.swift in Sources */ = {isa = PBXBuildFile; fileRef = 1C9C829A28D248920073DE0B /* RestaurantViewController.swift */; };
		96332D27F5A95915631AA73B /* Pods_Yelpy_YelpyUITests.framework in Frameworks */ = {isa = PBXBuildFile; fileRef = AFA9787802A96C8E15B02C35 /* Pods_Yelpy_YelpyUITests.framework */; };
		E46FE2E367A8A530AFEF7FA8 /* Pods_Yelpy.framework in Frameworks */ = {isa = PBXBuildFile; fileRef = 4E3FD95EBB78611C7AFD96BC /* Pods_Yelpy.framework */; };
/* End PBXBuildFile section */

/* Begin PBXContainerItemProxy section */
		1C37CACD28D15E520002FD8C /* PBXContainerItemProxy */ = {
			isa = PBXContainerItemProxy;
			containerPortal = 1C37CAAE28D15E520002FD8C /* Project object */;
			proxyType = 1;
			remoteGlobalIDString = 1C37CAB528D15E520002FD8C;
			remoteInfo = Yelpy;
		};
		1C37CAD728D15E520002FD8C /* PBXContainerItemProxy */ = {
			isa = PBXContainerItemProxy;
			containerPortal = 1C37CAAE28D15E520002FD8C /* Project object */;
			proxyType = 1;
			remoteGlobalIDString = 1C37CAB528D15E520002FD8C;
			remoteInfo = Yelpy;
		};
/* End PBXContainerItemProxy section */

/* Begin PBXFileReference section */
		0854ADC28F3ACF71A6EBAD3B /* Pods_YelpyTests.framework */ = {isa = PBXFileReference; explicitFileType = wrapper.framework; includeInIndex = 0; path = Pods_YelpyTests.framework; sourceTree = BUILT_PRODUCTS_DIR; };
		1C00194C28E52EDC000B359E /* 119896-toaster.json */ = {isa = PBXFileReference; fileEncoding = 4; lastKnownFileType = text.json; path = "119896-toaster.json"; sourceTree = "<group>"; };
		1C37CAB628D15E520002FD8C /* Yelpy.app */ = {isa = PBXFileReference; explicitFileType = wrapper.application; includeInIndex = 0; path = Yelpy.app; sourceTree = BUILT_PRODUCTS_DIR; };
		1C37CAB928D15E520002FD8C /* AppDelegate.swift */ = {isa = PBXFileReference; lastKnownFileType = sourcecode.swift; path = AppDelegate.swift; sourceTree = "<group>"; };
		1C37CABB28D15E520002FD8C /* SceneDelegate.swift */ = {isa = PBXFileReference; lastKnownFileType = sourcecode.swift; path = SceneDelegate.swift; sourceTree = "<group>"; };
		1C37CABD28D15E520002FD8C /* ViewController.swift */ = {isa = PBXFileReference; lastKnownFileType = sourcecode.swift; path = ViewController.swift; sourceTree = "<group>"; };
		1C37CAC228D15E520002FD8C /* Assets.xcassets */ = {isa = PBXFileReference; lastKnownFileType = folder.assetcatalog; path = Assets.xcassets; sourceTree = "<group>"; };
		1C37CAC528D15E520002FD8C /* Base */ = {isa = PBXFileReference; lastKnownFileType = file.storyboard; name = Base; path = Base.lproj/LaunchScreen.storyboard; sourceTree = "<group>"; };
		1C37CAC728D15E520002FD8C /* Info.plist */ = {isa = PBXFileReference; lastKnownFileType = text.plist.xml; path = Info.plist; sourceTree = "<group>"; };
		1C37CACC28D15E520002FD8C /* YelpyTests.xctest */ = {isa = PBXFileReference; explicitFileType = wrapper.cfbundle; includeInIndex = 0; path = YelpyTests.xctest; sourceTree = BUILT_PRODUCTS_DIR; };
		1C37CAD028D15E520002FD8C /* YelpyTests.swift */ = {isa = PBXFileReference; lastKnownFileType = sourcecode.swift; path = YelpyTests.swift; sourceTree = "<group>"; };
		1C37CAD628D15E520002FD8C /* YelpyUITests.xctest */ = {isa = PBXFileReference; explicitFileType = wrapper.cfbundle; includeInIndex = 0; path = YelpyUITests.xctest; sourceTree = BUILT_PRODUCTS_DIR; };
		1C37CADA28D15E520002FD8C /* YelpyUITests.swift */ = {isa = PBXFileReference; lastKnownFileType = sourcecode.swift; path = YelpyUITests.swift; sourceTree = "<group>"; };
		1C37CADC28D15E520002FD8C /* YelpyUITestsLaunchTests.swift */ = {isa = PBXFileReference; lastKnownFileType = sourcecode.swift; path = YelpyUITestsLaunchTests.swift; sourceTree = "<group>"; };
		1C37CAE928D164270002FD8C /* RestaurantTableViewCell.swift */ = {isa = PBXFileReference; lastKnownFileType = sourcecode.swift; path = RestaurantTableViewCell.swift; sourceTree = "<group>"; };
		1C37CAEB28D173E60002FD8C /* Network.swift */ = {isa = PBXFileReference; lastKnownFileType = sourcecode.swift; path = Network.swift; sourceTree = "<group>"; };
		1C9C829828D20D530073DE0B /* Businesses.swift */ = {isa = PBXFileReference; lastKnownFileType = sourcecode.swift; path = Businesses.swift; sourceTree = "<group>"; };
		1C9C829A28D248920073DE0B /* RestaurantViewController.swift */ = {isa = PBXFileReference; lastKnownFileType = sourcecode.swift; path = RestaurantViewController.swift; sourceTree = "<group>"; };
		2064B3BFD61EC58756A6F6DA /* Pods-YelpyTests.debug.xcconfig */ = {isa = PBXFileReference; includeInIndex = 1; lastKnownFileType = text.xcconfig; name = "Pods-YelpyTests.debug.xcconfig"; path = "Target Support Files/Pods-YelpyTests/Pods-YelpyTests.debug.xcconfig"; sourceTree = "<group>"; };
		27FBD5DEE6282644B0B9FBC5 /* Pods-Yelpy.release.xcconfig */ = {isa = PBXFileReference; includeInIndex = 1; lastKnownFileType = text.xcconfig; name = "Pods-Yelpy.release.xcconfig"; path = "Target Support Files/Pods-Yelpy/Pods-Yelpy.release.xcconfig"; sourceTree = "<group>"; };
		35C37F19FD950C5AB1E476B7 /* Pods-YelpyTests.release.xcconfig */ = {isa = PBXFileReference; includeInIndex = 1; lastKnownFileType = text.xcconfig; name = "Pods-YelpyTests.release.xcconfig"; path = "Target Support Files/Pods-YelpyTests/Pods-YelpyTests.release.xcconfig"; sourceTree = "<group>"; };
		4E3FD95EBB78611C7AFD96BC /* Pods_Yelpy.framework */ = {isa = PBXFileReference; explicitFileType = wrapper.framework; includeInIndex = 0; path = Pods_Yelpy.framework; sourceTree = BUILT_PRODUCTS_DIR; };
		83F2522C9B56942B296C43E5 /* Pods-Yelpy.debug.xcconfig */ = {isa = PBXFileReference; includeInIndex = 1; lastKnownFileType = text.xcconfig; name = "Pods-Yelpy.debug.xcconfig"; path = "Target Support Files/Pods-Yelpy/Pods-Yelpy.debug.xcconfig"; sourceTree = "<group>"; };
		AFA9787802A96C8E15B02C35 /* Pods_Yelpy_YelpyUITests.framework */ = {isa = PBXFileReference; explicitFileType = wrapper.framework; includeInIndex = 0; path = Pods_Yelpy_YelpyUITests.framework; sourceTree = BUILT_PRODUCTS_DIR; };
		C7D23B1344F269B5891A2F51 /* Pods-Yelpy-YelpyUITests.release.xcconfig */ = {isa = PBXFileReference; includeInIndex = 1; lastKnownFileType = text.xcconfig; name = "Pods-Yelpy-YelpyUITests.release.xcconfig"; path = "Target Support Files/Pods-Yelpy-YelpyUITests/Pods-Yelpy-YelpyUITests.release.xcconfig"; sourceTree = "<group>"; };
		D2DF5D0D9D7FEE05D8EAED00 /* Pods-Yelpy-YelpyUITests.debug.xcconfig */ = {isa = PBXFileReference; includeInIndex = 1; lastKnownFileType = text.xcconfig; name = "Pods-Yelpy-YelpyUITests.debug.xcconfig"; path = "Target Support Files/Pods-Yelpy-YelpyUITests/Pods-Yelpy-YelpyUITests.debug.xcconfig"; sourceTree = "<group>"; };
/* End PBXFileReference section */

/* Begin PBXFrameworksBuildPhase section */
		1C37CAB328D15E520002FD8C /* Frameworks */ = {
			isa = PBXFrameworksBuildPhase;
			buildActionMask = 2147483647;
			files = (
				E46FE2E367A8A530AFEF7FA8 /* Pods_Yelpy.framework in Frameworks */,
			);
			runOnlyForDeploymentPostprocessing = 0;
		};
		1C37CAC928D15E520002FD8C /* Frameworks */ = {
			isa = PBXFrameworksBuildPhase;
			buildActionMask = 2147483647;
			files = (
				0EEE50AD267DC5354E307069 /* Pods_YelpyTests.framework in Frameworks */,
			);
			runOnlyForDeploymentPostprocessing = 0;
		};
		1C37CAD328D15E520002FD8C /* Frameworks */ = {
			isa = PBXFrameworksBuildPhase;
			buildActionMask = 2147483647;
			files = (
				96332D27F5A95915631AA73B /* Pods_Yelpy_YelpyUITests.framework in Frameworks */,
			);
			runOnlyForDeploymentPostprocessing = 0;
		};
/* End PBXFrameworksBuildPhase section */

/* Begin PBXGroup section */
		1C00194B28E52ECA000B359E /* Extras */ = {
			isa = PBXGroup;
			children = (
				1C00194C28E52EDC000B359E /* 119896-toaster.json */,
			);
			path = Extras;
			sourceTree = "<group>";
		};
		1C37CAAD28D15E520002FD8C = {
			isa = PBXGroup;
			children = (
				1C37CAB828D15E520002FD8C /* Yelpy */,
				1C37CACF28D15E520002FD8C /* YelpyTests */,
				1C37CAD928D15E520002FD8C /* YelpyUITests */,
				1C37CAB728D15E520002FD8C /* Products */,
				A148C44D57D821941250C518 /* Pods */,
				AB46FA157BF4E3B37A978859 /* Frameworks */,
			);
			sourceTree = "<group>";
		};
		1C37CAB728D15E520002FD8C /* Products */ = {
			isa = PBXGroup;
			children = (
				1C37CAB628D15E520002FD8C /* Yelpy.app */,
				1C37CACC28D15E520002FD8C /* YelpyTests.xctest */,
				1C37CAD628D15E520002FD8C /* YelpyUITests.xctest */,
			);
			name = Products;
			sourceTree = "<group>";
		};
		1C37CAB828D15E520002FD8C /* Yelpy */ = {
			isa = PBXGroup;
			children = (
				1C00194B28E52ECA000B359E /* Extras */,
				1C37CAB928D15E520002FD8C /* AppDelegate.swift */,
				1C37CABB28D15E520002FD8C /* SceneDelegate.swift */,
				1C37CABD28D15E520002FD8C /* ViewController.swift */,
				1C9C829A28D248920073DE0B /* RestaurantViewController.swift */,
				1C37CAE928D164270002FD8C /* RestaurantTableViewCell.swift */,
				1C37CAEB28D173E60002FD8C /* Network.swift */,
				1C9C829828D20D530073DE0B /* Businesses.swift */,
				1C37CAC228D15E520002FD8C /* Assets.xcassets */,
				1C37CAC428D15E520002FD8C /* LaunchScreen.storyboard */,
				1C37CAC728D15E520002FD8C /* Info.plist */,
			);
			path = Yelpy;
			sourceTree = "<group>";
		};
		1C37CACF28D15E520002FD8C /* YelpyTests */ = {
			isa = PBXGroup;
			children = (
				1C37CAD028D15E520002FD8C /* YelpyTests.swift */,
			);
			path = YelpyTests;
			sourceTree = "<group>";
		};
		1C37CAD928D15E520002FD8C /* YelpyUITests */ = {
			isa = PBXGroup;
			children = (
				1C37CADA28D15E520002FD8C /* YelpyUITests.swift */,
				1C37CADC28D15E520002FD8C /* YelpyUITestsLaunchTests.swift */,
			);
			path = YelpyUITests;
			sourceTree = "<group>";
		};
		A148C44D57D821941250C518 /* Pods */ = {
			isa = PBXGroup;
			children = (
				83F2522C9B56942B296C43E5 /* Pods-Yelpy.debug.xcconfig */,
				27FBD5DEE6282644B0B9FBC5 /* Pods-Yelpy.release.xcconfig */,
				D2DF5D0D9D7FEE05D8EAED00 /* Pods-Yelpy-YelpyUITests.debug.xcconfig */,
				C7D23B1344F269B5891A2F51 /* Pods-Yelpy-YelpyUITests.release.xcconfig */,
				2064B3BFD61EC58756A6F6DA /* Pods-YelpyTests.debug.xcconfig */,
				35C37F19FD950C5AB1E476B7 /* Pods-YelpyTests.release.xcconfig */,
			);
			path = Pods;
			sourceTree = "<group>";
		};
		AB46FA157BF4E3B37A978859 /* Frameworks */ = {
			isa = PBXGroup;
			children = (
				4E3FD95EBB78611C7AFD96BC /* Pods_Yelpy.framework */,
				AFA9787802A96C8E15B02C35 /* Pods_Yelpy_YelpyUITests.framework */,
				0854ADC28F3ACF71A6EBAD3B /* Pods_YelpyTests.framework */,
			);
			name = Frameworks;
			sourceTree = "<group>";
		};
/* End PBXGroup section */

/* Begin PBXNativeTarget section */
		1C37CAB528D15E520002FD8C /* Yelpy */ = {
			isa = PBXNativeTarget;
			buildConfigurationList = 1C37CAE028D15E520002FD8C /* Build configuration list for PBXNativeTarget "Yelpy" */;
			buildPhases = (
				B5A2B96D9D706B7E2939619D /* [CP] Check Pods Manifest.lock */,
				1C37CAB228D15E520002FD8C /* Sources */,
				1C37CAB328D15E520002FD8C /* Frameworks */,
				1C37CAB428D15E520002FD8C /* Resources */,
				99CFDC5594D9EE74EDBD6409 /* [CP] Embed Pods Frameworks */,
			);
			buildRules = (
			);
			dependencies = (
			);
			name = Yelpy;
			productName = Yelpy;
			productReference = 1C37CAB628D15E520002FD8C /* Yelpy.app */;
			productType = "com.apple.product-type.application";
		};
		1C37CACB28D15E520002FD8C /* YelpyTests */ = {
			isa = PBXNativeTarget;
			buildConfigurationList = 1C37CAE328D15E520002FD8C /* Build configuration list for PBXNativeTarget "YelpyTests" */;
			buildPhases = (
				34E989CEF35217EDCE714C3F /* [CP] Check Pods Manifest.lock */,
				1C37CAC828D15E520002FD8C /* Sources */,
				1C37CAC928D15E520002FD8C /* Frameworks */,
				1C37CACA28D15E520002FD8C /* Resources */,
			);
			buildRules = (
			);
			dependencies = (
				1C37CACE28D15E520002FD8C /* PBXTargetDependency */,
			);
			name = YelpyTests;
			productName = YelpyTests;
			productReference = 1C37CACC28D15E520002FD8C /* YelpyTests.xctest */;
			productType = "com.apple.product-type.bundle.unit-test";
		};
		1C37CAD528D15E520002FD8C /* YelpyUITests */ = {
			isa = PBXNativeTarget;
			buildConfigurationList = 1C37CAE628D15E520002FD8C /* Build configuration list for PBXNativeTarget "YelpyUITests" */;
			buildPhases = (
				DA3511D19F6D1A69F3AD6258 /* [CP] Check Pods Manifest.lock */,
				1C37CAD228D15E520002FD8C /* Sources */,
				1C37CAD328D15E520002FD8C /* Frameworks */,
				1C37CAD428D15E520002FD8C /* Resources */,
				042987EE1BDEB96224AC7E3B /* [CP] Embed Pods Frameworks */,
			);
			buildRules = (
			);
			dependencies = (
				1C37CAD828D15E520002FD8C /* PBXTargetDependency */,
			);
			name = YelpyUITests;
			productName = YelpyUITests;
			productReference = 1C37CAD628D15E520002FD8C /* YelpyUITests.xctest */;
			productType = "com.apple.product-type.bundle.ui-testing";
		};
/* End PBXNativeTarget section */

/* Begin PBXProject section */
		1C37CAAE28D15E520002FD8C /* Project object */ = {
			isa = PBXProject;
			attributes = {
				BuildIndependentTargetsInParallel = 1;
				LastSwiftUpdateCheck = 1340;
				LastUpgradeCheck = 1340;
				TargetAttributes = {
					1C37CAB528D15E520002FD8C = {
						CreatedOnToolsVersion = 13.4.1;
					};
					1C37CACB28D15E520002FD8C = {
						CreatedOnToolsVersion = 13.4.1;
						TestTargetID = 1C37CAB528D15E520002FD8C;
					};
					1C37CAD528D15E520002FD8C = {
						CreatedOnToolsVersion = 13.4.1;
						TestTargetID = 1C37CAB528D15E520002FD8C;
					};
				};
			};
			buildConfigurationList = 1C37CAB128D15E520002FD8C /* Build configuration list for PBXProject "Yelpy" */;
			compatibilityVersion = "Xcode 13.0";
			developmentRegion = en;
			hasScannedForEncodings = 0;
			knownRegions = (
				en,
				Base,
			);
			mainGroup = 1C37CAAD28D15E520002FD8C;
			productRefGroup = 1C37CAB728D15E520002FD8C /* Products */;
			projectDirPath = "";
			projectRoot = "";
			targets = (
				1C37CAB528D15E520002FD8C /* Yelpy */,
				1C37CACB28D15E520002FD8C /* YelpyTests */,
				1C37CAD528D15E520002FD8C /* YelpyUITests */,
			);
		};
/* End PBXProject section */

/* Begin PBXResourcesBuildPhase section */
		1C37CAB428D15E520002FD8C /* Resources */ = {
			isa = PBXResourcesBuildPhase;
			buildActionMask = 2147483647;
			files = (
				1C37CAC628D15E520002FD8C /* LaunchScreen.storyboard in Resources */,
				1C00194D28E52EDC000B359E /* 119896-toaster.json in Resources */,
				1C37CAC328D15E520002FD8C /* Assets.xcassets in Resources */,
			);
			runOnlyForDeploymentPostprocessing = 0;
		};
		1C37CACA28D15E520002FD8C /* Resources */ = {
			isa = PBXResourcesBuildPhase;
			buildActionMask = 2147483647;
			files = (
			);
			runOnlyForDeploymentPostprocessing = 0;
		};
		1C37CAD428D15E520002FD8C /* Resources */ = {
			isa = PBXResourcesBuildPhase;
			buildActionMask = 2147483647;
			files = (
			);
			runOnlyForDeploymentPostprocessing = 0;
		};
/* End PBXResourcesBuildPhase section */

/* Begin PBXShellScriptBuildPhase section */
		042987EE1BDEB96224AC7E3B /* [CP] Embed Pods Frameworks */ = {
			isa = PBXShellScriptBuildPhase;
			buildActionMask = 2147483647;
			files = (
			);
			inputFileListPaths = (
				"${PODS_ROOT}/Target Support Files/Pods-Yelpy-YelpyUITests/Pods-Yelpy-YelpyUITests-frameworks-${CONFIGURATION}-input-files.xcfilelist",
			);
			name = "[CP] Embed Pods Frameworks";
			outputFileListPaths = (
				"${PODS_ROOT}/Target Support Files/Pods-Yelpy-YelpyUITests/Pods-Yelpy-YelpyUITests-frameworks-${CONFIGURATION}-output-files.xcfilelist",
			);
			runOnlyForDeploymentPostprocessing = 0;
			shellPath = /bin/sh;
			shellScript = "\"${PODS_ROOT}/Target Support Files/Pods-Yelpy-YelpyUITests/Pods-Yelpy-YelpyUITests-frameworks.sh\"\n";
			showEnvVarsInLog = 0;
		};
		34E989CEF35217EDCE714C3F /* [CP] Check Pods Manifest.lock */ = {
			isa = PBXShellScriptBuildPhase;
			buildActionMask = 2147483647;
			files = (
			);
			inputFileListPaths = (
			);
			inputPaths = (
				"${PODS_PODFILE_DIR_PATH}/Podfile.lock",
				"${PODS_ROOT}/Manifest.lock",
			);
			name = "[CP] Check Pods Manifest.lock";
			outputFileListPaths = (
			);
			outputPaths = (
				"$(DERIVED_FILE_DIR)/Pods-YelpyTests-checkManifestLockResult.txt",
			);
			runOnlyForDeploymentPostprocessing = 0;
			shellPath = /bin/sh;
			shellScript = "diff \"${PODS_PODFILE_DIR_PATH}/Podfile.lock\" \"${PODS_ROOT}/Manifest.lock\" > /dev/null\nif [ $? != 0 ] ; then\n    # print error to STDERR\n    echo \"error: The sandbox is not in sync with the Podfile.lock. Run 'pod install' or update your CocoaPods installation.\" >&2\n    exit 1\nfi\n# This output is used by Xcode 'outputs' to avoid re-running this script phase.\necho \"SUCCESS\" > \"${SCRIPT_OUTPUT_FILE_0}\"\n";
			showEnvVarsInLog = 0;
		};
		99CFDC5594D9EE74EDBD6409 /* [CP] Embed Pods Frameworks */ = {
			isa = PBXShellScriptBuildPhase;
			buildActionMask = 2147483647;
			files = (
			);
			inputFileListPaths = (
				"${PODS_ROOT}/Target Support Files/Pods-Yelpy/Pods-Yelpy-frameworks-${CONFIGURATION}-input-files.xcfilelist",
			);
			name = "[CP] Embed Pods Frameworks";
			outputFileListPaths = (
				"${PODS_ROOT}/Target Support Files/Pods-Yelpy/Pods-Yelpy-frameworks-${CONFIGURATION}-output-files.xcfilelist",
			);
			runOnlyForDeploymentPostprocessing = 0;
			shellPath = /bin/sh;
			shellScript = "\"${PODS_ROOT}/Target Support Files/Pods-Yelpy/Pods-Yelpy-frameworks.sh\"\n";
			showEnvVarsInLog = 0;
		};
		B5A2B96D9D706B7E2939619D /* [CP] Check Pods Manifest.lock */ = {
			isa = PBXShellScriptBuildPhase;
			buildActionMask = 2147483647;
			files = (
			);
			inputFileListPaths = (
			);
			inputPaths = (
				"${PODS_PODFILE_DIR_PATH}/Podfile.lock",
				"${PODS_ROOT}/Manifest.lock",
			);
			name = "[CP] Check Pods Manifest.lock";
			outputFileListPaths = (
			);
			outputPaths = (
				"$(DERIVED_FILE_DIR)/Pods-Yelpy-checkManifestLockResult.txt",
			);
			runOnlyForDeploymentPostprocessing = 0;
			shellPath = /bin/sh;
			shellScript = "diff \"${PODS_PODFILE_DIR_PATH}/Podfile.lock\" \"${PODS_ROOT}/Manifest.lock\" > /dev/null\nif [ $? != 0 ] ; then\n    # print error to STDERR\n    echo \"error: The sandbox is not in sync with the Podfile.lock. Run 'pod install' or update your CocoaPods installation.\" >&2\n    exit 1\nfi\n# This output is used by Xcode 'outputs' to avoid re-running this script phase.\necho \"SUCCESS\" > \"${SCRIPT_OUTPUT_FILE_0}\"\n";
			showEnvVarsInLog = 0;
		};
		DA3511D19F6D1A69F3AD6258 /* [CP] Check Pods Manifest.lock */ = {
			isa = PBXShellScriptBuildPhase;
			buildActionMask = 2147483647;
			files = (
			);
			inputFileListPaths = (
			);
			inputPaths = (
				"${PODS_PODFILE_DIR_PATH}/Podfile.lock",
				"${PODS_ROOT}/Manifest.lock",
			);
			name = "[CP] Check Pods Manifest.lock";
			outputFileListPaths = (
			);
			outputPaths = (
				"$(DERIVED_FILE_DIR)/Pods-Yelpy-YelpyUITests-checkManifestLockResult.txt",
			);
			runOnlyForDeploymentPostprocessing = 0;
			shellPath = /bin/sh;
			shellScript = "diff \"${PODS_PODFILE_DIR_PATH}/Podfile.lock\" \"${PODS_ROOT}/Manifest.lock\" > /dev/null\nif [ $? != 0 ] ; then\n    # print error to STDERR\n    echo \"error: The sandbox is not in sync with the Podfile.lock. Run 'pod install' or update your CocoaPods installation.\" >&2\n    exit 1\nfi\n# This output is used by Xcode 'outputs' to avoid re-running this script phase.\necho \"SUCCESS\" > \"${SCRIPT_OUTPUT_FILE_0}\"\n";
			showEnvVarsInLog = 0;
		};
/* End PBXShellScriptBuildPhase section */

/* Begin PBXSourcesBuildPhase section */
		1C37CAB228D15E520002FD8C /* Sources */ = {
			isa = PBXSourcesBuildPhase;
			buildActionMask = 2147483647;
			files = (
				1C37CAEC28D173E60002FD8C /* Network.swift in Sources */,
				1C37CAEA28D164280002FD8C /* RestaurantTableViewCell.swift in Sources */,
				1C9C829B28D248920073DE0B /* RestaurantViewController.swift in Sources */,
				1C37CABE28D15E520002FD8C /* ViewController.swift in Sources */,
				1C37CABA28D15E520002FD8C /* AppDelegate.swift in Sources */,
				1C37CABC28D15E520002FD8C /* SceneDelegate.swift in Sources */,
				1C9C829928D20D530073DE0B /* Businesses.swift in Sources */,
			);
			runOnlyForDeploymentPostprocessing = 0;
		};
		1C37CAC828D15E520002FD8C /* Sources */ = {
			isa = PBXSourcesBuildPhase;
			buildActionMask = 2147483647;
			files = (
				1C37CAD128D15E520002FD8C /* YelpyTests.swift in Sources */,
			);
			runOnlyForDeploymentPostprocessing = 0;
		};
		1C37CAD228D15E520002FD8C /* Sources */ = {
			isa = PBXSourcesBuildPhase;
			buildActionMask = 2147483647;
			files = (
				1C37CADD28D15E520002FD8C /* YelpyUITestsLaunchTests.swift in Sources */,
				1C37CADB28D15E520002FD8C /* YelpyUITests.swift in Sources */,
			);
			runOnlyForDeploymentPostprocessing = 0;
		};
/* End PBXSourcesBuildPhase section */

/* Begin PBXTargetDependency section */
		1C37CACE28D15E520002FD8C /* PBXTargetDependency */ = {
			isa = PBXTargetDependency;
			target = 1C37CAB528D15E520002FD8C /* Yelpy */;
			targetProxy = 1C37CACD28D15E520002FD8C /* PBXContainerItemProxy */;
		};
		1C37CAD828D15E520002FD8C /* PBXTargetDependency */ = {
			isa = PBXTargetDependency;
			target = 1C37CAB528D15E520002FD8C /* Yelpy */;
			targetProxy = 1C37CAD728D15E520002FD8C /* PBXContainerItemProxy */;
		};
/* End PBXTargetDependency section */

/* Begin PBXVariantGroup section */
		1C37CAC428D15E520002FD8C /* LaunchScreen.storyboard */ = {
			isa = PBXVariantGroup;
			children = (
				1C37CAC528D15E520002FD8C /* Base */,
			);
			name = LaunchScreen.storyboard;
			sourceTree = "<group>";
		};
/* End PBXVariantGroup section */

/* Begin XCBuildConfiguration section */
		1C37CADE28D15E520002FD8C /* Debug */ = {
			isa = XCBuildConfiguration;
			buildSettings = {
				ALWAYS_SEARCH_USER_PATHS = NO;
				CLANG_ANALYZER_NONNULL = YES;
				CLANG_ANALYZER_NUMBER_OBJECT_CONVERSION = YES_AGGRESSIVE;
				CLANG_CXX_LANGUAGE_STANDARD = "gnu++17";
				CLANG_ENABLE_MODULES = YES;
				CLANG_ENABLE_OBJC_ARC = YES;
				CLANG_ENABLE_OBJC_WEAK = YES;
				CLANG_WARN_BLOCK_CAPTURE_AUTORELEASING = YES;
				CLANG_WARN_BOOL_CONVERSION = YES;
				CLANG_WARN_COMMA = YES;
				CLANG_WARN_CONSTANT_CONVERSION = YES;
				CLANG_WARN_DEPRECATED_OBJC_IMPLEMENTATIONS = YES;
				CLANG_WARN_DIRECT_OBJC_ISA_USAGE = YES_ERROR;
				CLANG_WARN_DOCUMENTATION_COMMENTS = YES;
				CLANG_WARN_EMPTY_BODY = YES;
				CLANG_WARN_ENUM_CONVERSION = YES;
				CLANG_WARN_INFINITE_RECURSION = YES;
				CLANG_WARN_INT_CONVERSION = YES;
				CLANG_WARN_NON_LITERAL_NULL_CONVERSION = YES;
				CLANG_WARN_OBJC_IMPLICIT_RETAIN_SELF = YES;
				CLANG_WARN_OBJC_LITERAL_CONVERSION = YES;
				CLANG_WARN_OBJC_ROOT_CLASS = YES_ERROR;
				CLANG_WARN_QUOTED_INCLUDE_IN_FRAMEWORK_HEADER = YES;
				CLANG_WARN_RANGE_LOOP_ANALYSIS = YES;
				CLANG_WARN_STRICT_PROTOTYPES = YES;
				CLANG_WARN_SUSPICIOUS_MOVE = YES;
				CLANG_WARN_UNGUARDED_AVAILABILITY = YES_AGGRESSIVE;
				CLANG_WARN_UNREACHABLE_CODE = YES;
				CLANG_WARN__DUPLICATE_METHOD_MATCH = YES;
				COPY_PHASE_STRIP = NO;
				DEBUG_INFORMATION_FORMAT = dwarf;
				ENABLE_STRICT_OBJC_MSGSEND = YES;
				ENABLE_TESTABILITY = YES;
				GCC_C_LANGUAGE_STANDARD = gnu11;
				GCC_DYNAMIC_NO_PIC = NO;
				GCC_NO_COMMON_BLOCKS = YES;
				GCC_OPTIMIZATION_LEVEL = 0;
				GCC_PREPROCESSOR_DEFINITIONS = (
					"DEBUG=1",
					"$(inherited)",
				);
				GCC_WARN_64_TO_32_BIT_CONVERSION = YES;
				GCC_WARN_ABOUT_RETURN_TYPE = YES_ERROR;
				GCC_WARN_UNDECLARED_SELECTOR = YES;
				GCC_WARN_UNINITIALIZED_AUTOS = YES_AGGRESSIVE;
				GCC_WARN_UNUSED_FUNCTION = YES;
				GCC_WARN_UNUSED_VARIABLE = YES;
				IPHONEOS_DEPLOYMENT_TARGET = 15.5;
				MTL_ENABLE_DEBUG_INFO = INCLUDE_SOURCE;
				MTL_FAST_MATH = YES;
				ONLY_ACTIVE_ARCH = YES;
				SDKROOT = iphoneos;
				SWIFT_ACTIVE_COMPILATION_CONDITIONS = DEBUG;
				SWIFT_OPTIMIZATION_LEVEL = "-Onone";
			};
			name = Debug;
		};
		1C37CADF28D15E520002FD8C /* Release */ = {
			isa = XCBuildConfiguration;
			buildSettings = {
				ALWAYS_SEARCH_USER_PATHS = NO;
				CLANG_ANALYZER_NONNULL = YES;
				CLANG_ANALYZER_NUMBER_OBJECT_CONVERSION = YES_AGGRESSIVE;
				CLANG_CXX_LANGUAGE_STANDARD = "gnu++17";
				CLANG_ENABLE_MODULES = YES;
				CLANG_ENABLE_OBJC_ARC = YES;
				CLANG_ENABLE_OBJC_WEAK = YES;
				CLANG_WARN_BLOCK_CAPTURE_AUTORELEASING = YES;
				CLANG_WARN_BOOL_CONVERSION = YES;
				CLANG_WARN_COMMA = YES;
				CLANG_WARN_CONSTANT_CONVERSION = YES;
				CLANG_WARN_DEPRECATED_OBJC_IMPLEMENTATIONS = YES;
				CLANG_WARN_DIRECT_OBJC_ISA_USAGE = YES_ERROR;
				CLANG_WARN_DOCUMENTATION_COMMENTS = YES;
				CLANG_WARN_EMPTY_BODY = YES;
				CLANG_WARN_ENUM_CONVERSION = YES;
				CLANG_WARN_INFINITE_RECURSION = YES;
				CLANG_WARN_INT_CONVERSION = YES;
				CLANG_WARN_NON_LITERAL_NULL_CONVERSION = YES;
				CLANG_WARN_OBJC_IMPLICIT_RETAIN_SELF = YES;
				CLANG_WARN_OBJC_LITERAL_CONVERSION = YES;
				CLANG_WARN_OBJC_ROOT_CLASS = YES_ERROR;
				CLANG_WARN_QUOTED_INCLUDE_IN_FRAMEWORK_HEADER = YES;
				CLANG_WARN_RANGE_LOOP_ANALYSIS = YES;
				CLANG_WARN_STRICT_PROTOTYPES = YES;
				CLANG_WARN_SUSPICIOUS_MOVE = YES;
				CLANG_WARN_UNGUARDED_AVAILABILITY = YES_AGGRESSIVE;
				CLANG_WARN_UNREACHABLE_CODE = YES;
				CLANG_WARN__DUPLICATE_METHOD_MATCH = YES;
				COPY_PHASE_STRIP = NO;
				DEBUG_INFORMATION_FORMAT = "dwarf-with-dsym";
				ENABLE_NS_ASSERTIONS = NO;
				ENABLE_STRICT_OBJC_MSGSEND = YES;
				GCC_C_LANGUAGE_STANDARD = gnu11;
				GCC_NO_COMMON_BLOCKS = YES;
				GCC_WARN_64_TO_32_BIT_CONVERSION = YES;
				GCC_WARN_ABOUT_RETURN_TYPE = YES_ERROR;
				GCC_WARN_UNDECLARED_SELECTOR = YES;
				GCC_WARN_UNINITIALIZED_AUTOS = YES_AGGRESSIVE;
				GCC_WARN_UNUSED_FUNCTION = YES;
				GCC_WARN_UNUSED_VARIABLE = YES;
				IPHONEOS_DEPLOYMENT_TARGET = 15.5;
				MTL_ENABLE_DEBUG_INFO = NO;
				MTL_FAST_MATH = YES;
				SDKROOT = iphoneos;
				SWIFT_COMPILATION_MODE = wholemodule;
				SWIFT_OPTIMIZATION_LEVEL = "-O";
				VALIDATE_PRODUCT = YES;
			};
			name = Release;
		};
		1C37CAE128D15E520002FD8C /* Debug */ = {
			isa = XCBuildConfiguration;
			baseConfigurationReference = 83F2522C9B56942B296C43E5 /* Pods-Yelpy.debug.xcconfig */;
			buildSettings = {
				ASSETCATALOG_COMPILER_APPICON_NAME = AppIcon;
				ASSETCATALOG_COMPILER_GLOBAL_ACCENT_COLOR_NAME = AccentColor;
				CODE_SIGN_STYLE = Automatic;
				CURRENT_PROJECT_VERSION = 1;
				DEVELOPMENT_TEAM = 533TP9CHK8;
				GENERATE_INFOPLIST_FILE = YES;
				INFOPLIST_FILE = Yelpy/Info.plist;
				INFOPLIST_KEY_UIApplicationSupportsIndirectInputEvents = YES;
				INFOPLIST_KEY_UILaunchStoryboardName = LaunchScreen;
				INFOPLIST_KEY_UIMainStoryboardFile = LaunchScreen;
				INFOPLIST_KEY_UISupportedInterfaceOrientations_iPad = "UIInterfaceOrientationPortrait UIInterfaceOrientationPortraitUpsideDown UIInterfaceOrientationLandscapeLeft UIInterfaceOrientationLandscapeRight";
				INFOPLIST_KEY_UISupportedInterfaceOrientations_iPhone = "UIInterfaceOrientationPortrait UIInterfaceOrientationLandscapeLeft UIInterfaceOrientationLandscapeRight";
				LD_RUNPATH_SEARCH_PATHS = (
					"$(inherited)",
					"@executable_path/Frameworks",
				);
				MARKETING_VERSION = 1.0;
				PRODUCT_BUNDLE_IDENTIFIER = anOrg.Yelpy;
				PRODUCT_NAME = "$(TARGET_NAME)";
				SWIFT_EMIT_LOC_STRINGS = YES;
				SWIFT_VERSION = 5.0;
				TARGETED_DEVICE_FAMILY = "1,2";
			};
			name = Debug;
		};
		1C37CAE228D15E520002FD8C /* Release */ = {
			isa = XCBuildConfiguration;
			baseConfigurationReference = 27FBD5DEE6282644B0B9FBC5 /* Pods-Yelpy.release.xcconfig */;
			buildSettings = {
				ASSETCATALOG_COMPILER_APPICON_NAME = AppIcon;
				ASSETCATALOG_COMPILER_GLOBAL_ACCENT_COLOR_NAME = AccentColor;
				CODE_SIGN_STYLE = Automatic;
				CURRENT_PROJECT_VERSION = 1;
				DEVELOPMENT_TEAM = 533TP9CHK8;
				GENERATE_INFOPLIST_FILE = YES;
				INFOPLIST_FILE = Yelpy/Info.plist;
				INFOPLIST_KEY_UIApplicationSupportsIndirectInputEvents = YES;
				INFOPLIST_KEY_UILaunchStoryboardName = LaunchScreen;
				INFOPLIST_KEY_UIMainStoryboardFile = LaunchScreen;
				INFOPLIST_KEY_UISupportedInterfaceOrientations_iPad = "UIInterfaceOrientationPortrait UIInterfaceOrientationPortraitUpsideDown UIInterfaceOrientationLandscapeLeft UIInterfaceOrientationLandscapeRight";
				INFOPLIST_KEY_UISupportedInterfaceOrientations_iPhone = "UIInterfaceOrientationPortrait UIInterfaceOrientationLandscapeLeft UIInterfaceOrientationLandscapeRight";
				LD_RUNPATH_SEARCH_PATHS = (
					"$(inherited)",
					"@executable_path/Frameworks",
				);
				MARKETING_VERSION = 1.0;
				PRODUCT_BUNDLE_IDENTIFIER = anOrg.Yelpy;
				PRODUCT_NAME = "$(TARGET_NAME)";
				SWIFT_EMIT_LOC_STRINGS = YES;
				SWIFT_VERSION = 5.0;
				TARGETED_DEVICE_FAMILY = "1,2";
			};
			name = Release;
		};
		1C37CAE428D15E520002FD8C /* Debug */ = {
			isa = XCBuildConfiguration;
			baseConfigurationReference = 2064B3BFD61EC58756A6F6DA /* Pods-YelpyTests.debug.xcconfig */;
			buildSettings = {
				ALWAYS_EMBED_SWIFT_STANDARD_LIBRARIES = YES;
				BUNDLE_LOADER = "$(TEST_HOST)";
				CODE_SIGN_STYLE = Automatic;
				CURRENT_PROJECT_VERSION = 1;
				DEVELOPMENT_TEAM = 533TP9CHK8;
				GENERATE_INFOPLIST_FILE = YES;
				IPHONEOS_DEPLOYMENT_TARGET = 15.5;
				MARKETING_VERSION = 1.0;
				PRODUCT_BUNDLE_IDENTIFIER = anOrg.YelpyTests;
				PRODUCT_NAME = "$(TARGET_NAME)";
				SWIFT_EMIT_LOC_STRINGS = NO;
				SWIFT_VERSION = 5.0;
				TARGETED_DEVICE_FAMILY = "1,2";
				TEST_HOST = "$(BUILT_PRODUCTS_DIR)/Yelpy.app/Yelpy";
			};
			name = Debug;
		};
		1C37CAE528D15E520002FD8C /* Release */ = {
			isa = XCBuildConfiguration;
			baseConfigurationReference = 35C37F19FD950C5AB1E476B7 /* Pods-YelpyTests.release.xcconfig */;
			buildSettings = {
				ALWAYS_EMBED_SWIFT_STANDARD_LIBRARIES = YES;
				BUNDLE_LOADER = "$(TEST_HOST)";
				CODE_SIGN_STYLE = Automatic;
				CURRENT_PROJECT_VERSION = 1;
				DEVELOPMENT_TEAM = 533TP9CHK8;
				GENERATE_INFOPLIST_FILE = YES;
				IPHONEOS_DEPLOYMENT_TARGET = 15.5;
				MARKETING_VERSION = 1.0;
				PRODUCT_BUNDLE_IDENTIFIER = anOrg.YelpyTests;
				PRODUCT_NAME = "$(TARGET_NAME)";
				SWIFT_EMIT_LOC_STRINGS = NO;
				SWIFT_VERSION = 5.0;
				TARGETED_DEVICE_FAMILY = "1,2";
				TEST_HOST = "$(BUILT_PRODUCTS_DIR)/Yelpy.app/Yelpy";
			};
			name = Release;
		};
		1C37CAE728D15E520002FD8C /* Debug */ = {
			isa = XCBuildConfiguration;
			baseConfigurationReference = D2DF5D0D9D7FEE05D8EAED00 /* Pods-Yelpy-YelpyUITests.debug.xcconfig */;
			buildSettings = {
				ALWAYS_EMBED_SWIFT_STANDARD_LIBRARIES = YES;
				CODE_SIGN_STYLE = Automatic;
				CURRENT_PROJECT_VERSION = 1;
				DEVELOPMENT_TEAM = 533TP9CHK8;
				GENERATE_INFOPLIST_FILE = YES;
				MARKETING_VERSION = 1.0;
				PRODUCT_BUNDLE_IDENTIFIER = anOrg.YelpyUITests;
				PRODUCT_NAME = "$(TARGET_NAME)";
				SWIFT_EMIT_LOC_STRINGS = NO;
				SWIFT_VERSION = 5.0;
				TARGETED_DEVICE_FAMILY = "1,2";
				TEST_TARGET_NAME = Yelpy;
			};
			name = Debug;
		};
		1C37CAE828D15E520002FD8C /* Release */ = {
			isa = XCBuildConfiguration;
			baseConfigurationReference = C7D23B1344F269B5891A2F51 /* Pods-Yelpy-YelpyUITests.release.xcconfig */;
			buildSettings = {
				ALWAYS_EMBED_SWIFT_STANDARD_LIBRARIES = YES;
				CODE_SIGN_STYLE = Automatic;
				CURRENT_PROJECT_VERSION = 1;
				DEVELOPMENT_TEAM = 533TP9CHK8;
				GENERATE_INFOPLIST_FILE = YES;
				MARKETING_VERSION = 1.0;
				PRODUCT_BUNDLE_IDENTIFIER = anOrg.YelpyUITests;
				PRODUCT_NAME = "$(TARGET_NAME)";
				SWIFT_EMIT_LOC_STRINGS = NO;
				SWIFT_VERSION = 5.0;
				TARGETED_DEVICE_FAMILY = "1,2";
				TEST_TARGET_NAME = Yelpy;
			};
			name = Release;
		};
/* End XCBuildConfiguration section */

/* Begin XCConfigurationList section */
		1C37CAB128D15E520002FD8C /* Build configuration list for PBXProject "Yelpy" */ = {
			isa = XCConfigurationList;
			buildConfigurations = (
				1C37CADE28D15E520002FD8C /* Debug */,
				1C37CADF28D15E520002FD8C /* Release */,
			);
			defaultConfigurationIsVisible = 0;
			defaultConfigurationName = Release;
		};
		1C37CAE028D15E520002FD8C /* Build configuration list for PBXNativeTarget "Yelpy" */ = {
			isa = XCConfigurationList;
			buildConfigurations = (
				1C37CAE128D15E520002FD8C /* Debug */,
				1C37CAE228D15E520002FD8C /* Release */,
			);
			defaultConfigurationIsVisible = 0;
			defaultConfigurationName = Release;
		};
		1C37CAE328D15E520002FD8C /* Build configuration list for PBXNativeTarget "YelpyTests" */ = {
			isa = XCConfigurationList;
			buildConfigurations = (
				1C37CAE428D15E520002FD8C /* Debug */,
				1C37CAE528D15E520002FD8C /* Release */,
			);
			defaultConfigurationIsVisible = 0;
			defaultConfigurationName = Release;
		};
		1C37CAE628D15E520002FD8C /* Build configuration list for PBXNativeTarget "YelpyUITests" */ = {
			isa = XCConfigurationList;
			buildConfigurations = (
				1C37CAE728D15E520002FD8C /* Debug */,
				1C37CAE828D15E520002FD8C /* Release */,
			);
			defaultConfigurationIsVisible = 0;
			defaultConfigurationName = Release;
		};
/* End XCConfigurationList section */
	};
	rootObject = 1C37CAAE28D15E520002FD8C /* Project object */;
}
